
Microsoft Visual Studio Solution File, Format Version 12.00
# Visual Studio Version 17
VisualStudioVersion = 17.7.34221.43
MinimumVisualStudioVersion = 10.0.40219.1
Project("{FAE04EC0-301F-11D3-BF4B-00C04F79EFBC}") = "FitnessTrackerTG", "FitnessTrackerTG.csproj", "{605319EC-6A88-4F08-BA81-07FD8597ECB7}"
EndProject
Global
	GlobalSection(SolutionConfigurationPlatforms) = preSolution
		Debug|Any CPU = Debug|Any CPU
		Release|Any CPU = Release|Any CPU
	EndGlobalSection
	GlobalSection(ProjectConfigurationPlatforms) = postSolution
		{605319EC-6A88-4F08-BA81-07FD8597ECB7}.Debug|Any CPU.ActiveCfg = Debug|Any CPU
		{605319EC-6A88-4F08-BA81-07FD8597ECB7}.Debug|Any CPU.Build.0 = Debug|Any CPU
		{605319EC-6A88-4F08-BA81-07FD8597ECB7}.Release|Any CPU.ActiveCfg = Release|Any CPU
		{605319EC-6A88-4F08-BA81-07FD8597ECB7}.Release|Any CPU.Build.0 = Release|Any CPU
	EndGlobalSection
	GlobalSection(SolutionProperties) = preSolution
		HideSolutionNode = FALSE
	EndGlobalSection
	GlobalSection(ExtensibilityGlobals) = postSolution
		SolutionGuid = {5BE4EA4A-C77C-4490-A414-66943451A17A}
	EndGlobalSection
EndGlobal
